
Microsoft Visual Studio Solution File, Format Version 12.00
# Visual Studio Version 17
VisualStudioVersion = 17.3.32922.545
MinimumVisualStudioVersion = 10.0.40219.1
Project("{FAE04EC0-301F-11D3-BF4B-00C04F79EFBC}") = "integer_ikililerin_toplamı", "integer_ikililerin_toplamı\integer_ikililerin_toplamı.csproj", "{CE1047D7-7D66-4913-9758-16B7205CA902}"
EndProject
Global
	GlobalSection(SolutionConfigurationPlatforms) = preSolution
		Debug|Any CPU = Debug|Any CPU
		Release|Any CPU = Release|Any CPU
	EndGlobalSection
	GlobalSection(ProjectConfigurationPlatforms) = postSolution
		{CE1047D7-7D66-4913-9758-16B7205CA902}.Debug|Any CPU.ActiveCfg = Debug|Any CPU
		{CE1047D7-7D66-4913-9758-16B7205CA902}.Debug|Any CPU.Build.0 = Debug|Any CPU
		{CE1047D7-7D66-4913-9758-16B7205CA902}.Release|Any CPU.ActiveCfg = Release|Any CPU
		{CE1047D7-7D66-4913-9758-16B7205CA902}.Release|Any CPU.Build.0 = Release|Any CPU
	EndGlobalSection
	GlobalSection(SolutionProperties) = preSolution
		HideSolutionNode = FALSE
	EndGlobalSection
	GlobalSection(ExtensibilityGlobals) = postSolution
		SolutionGuid = {C1747571-5E95-4036-A683-6F2810E9DEF0}
	EndGlobalSection
EndGlobal
